// !$*UTF8*$!
{
	archiveVersion = 1;
	classes = {
	};
	objectVersion = 48;
	objects = {

/* Begin PBXBuildFile section */
		F87075E41FF41A5C0051D738 /* AppDelegate.swift in Sources */ = {isa = PBXBuildFile; fileRef = F87075E31FF41A5C0051D738 /* AppDelegate.swift */; };
		F87075E61FF41A5C0051D738 /* ViewController.swift in Sources */ = {isa = PBXBuildFile; fileRef = F87075E51FF41A5C0051D738 /* ViewController.swift */; };
		F87075E91FF41A5C0051D738 /* Main.storyboard in Resources */ = {isa = PBXBuildFile; fileRef = F87075E71FF41A5C0051D738 /* Main.storyboard */; };
		F87075EB1FF41A5C0051D738 /* Assets.xcassets in Resources */ = {isa = PBXBuildFile; fileRef = F87075EA1FF41A5C0051D738 /* Assets.xcassets */; };
		F87075EE1FF41A5C0051D738 /* LaunchScreen.storyboard in Resources */ = {isa = PBXBuildFile; fileRef = F87075EC1FF41A5C0051D738 /* LaunchScreen.storyboard */; };
		F87075F61FF42F720051D738 /* Inceptionv3.mlmodel in Sources */ = {isa = PBXBuildFile; fileRef = F87075F51FF42F720051D738 /* Inceptionv3.mlmodel */; };
/* End PBXBuildFile section */

/* Begin PBXFileReference section */
		F87075E01FF41A5C0051D738 /* CoreMLTutorial.app */ = {isa = PBXFileReference; explicitFileType = wrapper.application; includeInIndex = 0; path = CoreMLTutorial.app; sourceTree = BUILT_PRODUCTS_DIR; };
		F87075E31FF41A5C0051D738 /* AppDelegate.swift */ = {isa = PBXFileReference; lastKnownFileType = sourcecode.swift; path = AppDelegate.swift; sourceTree = "<group>"; };
		F87075E51FF41A5C0051D738 /* ViewController.swift */ = {isa = PBXFileReference; lastKnownFileType = sourcecode.swift; path = ViewController.swift; sourceTree = "<group>"; };
		F87075E81FF41A5C0051D738 /* Base */ = {isa = PBXFileReference; lastKnownFileType = file.storyboard; name = Base; path = Base.lproj/Main.storyboard; sourceTree = "<group>"; };
		F87075EA1FF41A5C0051D738 /* Assets.xcassets */ = {isa = PBXFileReference; lastKnownFileType = folder.assetcatalog; path = Assets.xcassets; sourceTree = "<group>"; };
		F87075ED1FF41A5C0051D738 /* Base */ = {isa = PBXFileReference; lastKnownFileType = file.storyboard; name = Base; path = Base.lproj/LaunchScreen.storyboard; sourceTree = "<group>"; };
		F87075EF1FF41A5C0051D738 /* Info.plist */ = {isa = PBXFileReference; lastKnownFileType = text.plist.xml; path = Info.plist; sourceTree = "<group>"; };
		F87075F51FF42F720051D738 /* Inceptionv3.mlmodel */ = {isa = PBXFileReference; lastKnownFileType = file.mlmodel; path = Inceptionv3.mlmodel; sourceTree = "<group>"; };
/* End PBXFileReference section */

/* Begin PBXFrameworksBuildPhase section */
		F87075DD1FF41A5C0051D738 /* Frameworks */ = {
			isa = PBXFrameworksBuildPhase;
			buildActionMask = 2147483647;
			files = (
			);
			runOnlyForDeploymentPostprocessing = 0;
		};
/* End PBXFrameworksBuildPhase section */

/* Begin PBXGroup section */
		F87075D71FF41A5C0051D738 = {
			isa = PBXGroup;
			children = (
				F87075F51FF42F720051D738 /* Inceptionv3.mlmodel */,
				F87075E21FF41A5C0051D738 /* CoreMLTutorial */,
				F87075E11FF41A5C0051D738 /* Products */,
			);
			sourceTree = "<group>";
		};
		F87075E11FF41A5C0051D738 /* Products */ = {
			isa = PBXGroup;
			children = (
				F87075E01FF41A5C0051D738 /* CoreMLTutorial.app */,
			);
			name = Products;
			sourceTree = "<group>";
		};
		F87075E21FF41A5C0051D738 /* CoreMLTutorial */ = {
			isa = PBXGroup;
			children = (
				F87075E31FF41A5C0051D738 /* AppDelegate.swift */,
				F87075E51FF41A5C0051D738 /* ViewController.swift */,
				F87075E71FF41A5C0051D738 /* Main.storyboard */,
				F87075EA1FF41A5C0051D738 /* Assets.xcassets */,
				F87075EC1FF41A5C0051D738 /* LaunchScreen.storyboard */,
				F87075EF1FF41A5C0051D738 /* Info.plist */,
			);
			path = CoreMLTutorial;
			sourceTree = "<group>";
		};
/* End PBXGroup section */

/* Begin PBXNativeTarget section */
		F87075DF1FF41A5C0051D738 /* CoreMLTutorial */ = {
			isa = PBXNativeTarget;
			buildConfigurationList = F87075F21FF41A5C0051D738 /* Build configuration list for PBXNativeTarget "CoreMLTutorial" */;
			buildPhases = (
				F87075DC1FF41A5C0051D738 /* Sources */,
				F87075DD1FF41A5C0051D738 /* Frameworks */,
				F87075DE1FF41A5C0051D738 /* Resources */,
			);
			buildRules = (
			);
			dependencies = (
			);
			name = CoreMLTutorial;
			productName = CoreMLTutorial;
			productReference = F87075E01FF41A5C0051D738 /* CoreMLTutorial.app */;
			productType = "com.apple.product-type.application";
		};
/* End PBXNativeTarget section */

/* Begin PBXProject section */
		F87075D81FF41A5C0051D738 /* Project object */ = {
			isa = PBXProject;
			attributes = {
				LastSwiftUpdateCheck = 0900;
				LastUpgradeCheck = 0900;
				ORGANIZATIONNAME = thieumao;
				TargetAttributes = {
					F87075DF1FF41A5C0051D738 = {
						CreatedOnToolsVersion = 9.0.1;
						ProvisioningStyle = Automatic;
					};
				};
			};
			buildConfigurationList = F87075DB1FF41A5C0051D738 /* Build configuration list for PBXProject "CoreMLTutorial" */;
			compatibilityVersion = "Xcode 8.0";
			developmentRegion = en;
			hasScannedForEncodings = 0;
			knownRegions = (
				en,
				Base,
			);
			mainGroup = F87075D71FF41A5C0051D738;
			productRefGroup = F87075E11FF41A5C0051D738 /* Products */;
			projectDirPath = "";
			projectRoot = "";
			targets = (
				F87075DF1FF41A5C0051D738 /* CoreMLTutorial */,
			);
		};
/* End PBXProject section */

/* Begin PBXResourcesBuildPhase section */
		F87075DE1FF41A5C0051D738 /* Resources */ = {
			isa = PBXResourcesBuildPhase;
			buildActionMask = 2147483647;
			files = (
				F87075EE1FF41A5C0051D738 /* LaunchScreen.storyboard in Resources */,
				F87075EB1FF41A5C0051D738 /* Assets.xcassets in Resources */,
				F87075E91FF41A5C0051D738 /* Main.storyboard in Resources */,
			);
			runOnlyForDeploymentPostprocessing = 0;
		};
/* End PBXResourcesBuildPhase section */

/* Begin PBXSourcesBuildPhase section */
		F87075DC1FF41A5C0051D738 /* Sources */ = {
			isa = PBXSourcesBuildPhase;
			buildActionMask = 2147483647;
			files = (
				F87075E61FF41A5C0051D738 /* ViewController.swift in Sources */,
				F87075F61FF42F720051D738 /* Inceptionv3.mlmodel in Sources */,
				F87075E41FF41A5C0051D738 /* AppDelegate.swift in Sources */,
			);
			runOnlyForDeploymentPostprocessing = 0;
		};
/* End PBXSourcesBuildPhase section */

/* Begin PBXVariantGroup section */
		F87075E71FF41A5C0051D738 /* Main.storyboard */ = {
			isa = PBXVariantGroup;
			children = (
				F87075E81FF41A5C0051D738 /* Base */,
			);
			name = Main.storyboard;
			sourceTree = "<group>";
		};
		F87075EC1FF41A5C0051D738 /* LaunchScreen.storyboard */ = {
			isa = PBXVariantGroup;
			children = (
				F87075ED1FF41A5C0051D738 /* Base */,
			);
			name = LaunchScreen.storyboard;
			sourceTree = "<group>";
		};
/* End PBXVariantGroup section */

/* Begin XCBuildConfiguration section */
		F87075F01FF41A5C0051D738 /* Debug */ = {
			isa = XCBuildConfiguration;
			buildSettings = {
				ALWAYS_SEARCH_USER_PATHS = NO;
				CLANG_ANALYZER_NONNULL = YES;
				CLANG_ANALYZER_NUMBER_OBJECT_CONVERSION = YES_AGGRESSIVE;
				CLANG_CXX_LANGUAGE_STANDARD = "gnu++14";
				CLANG_CXX_LIBRARY = "libc++";
				CLANG_ENABLE_MODULES = YES;
				CLANG_ENABLE_OBJC_ARC = YES;
				CLANG_WARN_BLOCK_CAPTURE_AUTORELEASING = YES;
				CLANG_WARN_BOOL_CONVERSION = YES;
				CLANG_WARN_COMMA = YES;
				CLANG_WARN_CONSTANT_CONVERSION = YES;
				CLANG_WARN_DIRECT_OBJC_ISA_USAGE = YES_ERROR;
				CLANG_WARN_DOCUMENTATION_COMMENTS = YES;
				CLANG_WARN_EMPTY_BODY = YES;
				CLANG_WARN_ENUM_CONVERSION = YES;
				CLANG_WARN_INFINITE_RECURSION = YES;
				CLANG_WARN_INT_CONVERSION = YES;
				CLANG_WARN_NON_LITERAL_NULL_CONVERSION = YES;
				CLANG_WARN_OBJC_LITERAL_CONVERSION = YES;
				CLANG_WARN_OBJC_ROOT_CLASS = YES_ERROR;
				CLANG_WARN_RANGE_LOOP_ANALYSIS = YES;
				CLANG_WARN_STRICT_PROTOTYPES = YES;
				CLANG_WARN_SUSPICIOUS_MOVE = YES;
				CLANG_WARN_UNGUARDED_AVAILABILITY = YES_AGGRESSIVE;
				CLANG_WARN_UNREACHABLE_CODE = YES;
				CLANG_WARN__DUPLICATE_METHOD_MATCH = YES;
				CODE_SIGN_IDENTITY = "iPhone Developer";
				COPY_PHASE_STRIP = NO;
				DEBUG_INFORMATION_FORMAT = dwarf;
				ENABLE_STRICT_OBJC_MSGSEND = YES;
				ENABLE_TESTABILITY = YES;
				GCC_C_LANGUAGE_STANDARD = gnu11;
				GCC_DYNAMIC_NO_PIC = NO;
				GCC_NO_COMMON_BLOCKS = YES;
				GCC_OPTIMIZATION_LEVEL = 0;
				GCC_PREPROCESSOR_DEFINITIONS = (
					"DEBUG=1",
					"$(inherited)",
				);
				GCC_WARN_64_TO_32_BIT_CONVERSION = YES;
				GCC_WARN_ABOUT_RETURN_TYPE = YES_ERROR;
				GCC_WARN_UNDECLARED_SELECTOR = YES;
				GCC_WARN_UNINITIALIZED_AUTOS = YES_AGGRESSIVE;
				GCC_WARN_UNUSED_FUNCTION = YES;
				GCC_WARN_UNUSED_VARIABLE = YES;
				IPHONEOS_DEPLOYMENT_TARGET = 11.0;
				MTL_ENABLE_DEBUG_INFO = YES;
				ONLY_ACTIVE_ARCH = YES;
				SDKROOT = iphoneos;
				SWIFT_ACTIVE_COMPILATION_CONDITIONS = DEBUG;
				SWIFT_OPTIMIZATION_LEVEL = "-Onone";
			};
			name = Debug;
		};
		F87075F11FF41A5C0051D738 /* Release */ = {
			isa = XCBuildConfiguration;
			buildSettings = {
				ALWAYS_SEARCH_USER_PATHS = NO;
				CLANG_ANALYZER_NONNULL = YES;
				CLANG_ANALYZER_NUMBER_OBJECT_CONVERSION = YES_AGGRESSIVE;
				CLANG_CXX_LANGUAGE_STANDARD = "gnu++14";
				CLANG_CXX_LIBRARY = "libc++";
				CLANG_ENABLE_MODULES = YES;
				CLANG_ENABLE_OBJC_ARC = YES;
				CLANG_WARN_BLOCK_CAPTURE_AUTORELEASING = YES;
				CLANG_WARN_BOOL_CONVERSION = YES;
				CLANG_WARN_COMMA = YES;
				CLANG_WARN_CONSTANT_CONVERSION = YES;
				CLANG_WARN_DIRECT_OBJC_ISA_USAGE = YES_ERROR;
				CLANG_WARN_DOCUMENTATION_COMMENTS = YES;
				CLANG_WARN_EMPTY_BODY = YES;
				CLANG_WARN_ENUM_CONVERSION = YES;
				CLANG_WARN_INFINITE_RECURSION = YES;
				CLANG_WARN_INT_CONVERSION = YES;
				CLANG_WARN_NON_LITERAL_NULL_CONVERSION = YES;
				CLANG_WARN_OBJC_LITERAL_CONVERSION = YES;
				CLANG_WARN_OBJC_ROOT_CLASS = YES_ERROR;
				CLANG_WARN_RANGE_LOOP_ANALYSIS = YES;
				CLANG_WARN_STRICT_PROTOTYPES = YES;
				CLANG_WARN_SUSPICIOUS_MOVE = YES;
				CLANG_WARN_UNGUARDED_AVAILABILITY = YES_AGGRESSIVE;
				CLANG_WARN_UNREACHABLE_CODE = YES;
				CLANG_WARN__DUPLICATE_METHOD_MATCH = YES;
				CODE_SIGN_IDENTITY = "iPhone Developer";
				COPY_PHASE_STRIP = NO;
				DEBUG_INFORMATION_FORMAT = "dwarf-with-dsym";
				ENABLE_NS_ASSERTIONS = NO;
				ENABLE_STRICT_OBJC_MSGSEND = YES;
				GCC_C_LANGUAGE_STANDARD = gnu11;
				GCC_NO_COMMON_BLOCKS = YES;
				GCC_WARN_64_TO_32_BIT_CONVERSION = YES;
				GCC_WARN_ABOUT_RETURN_TYPE = YES_ERROR;
				GCC_WARN_UNDECLARED_SELECTOR = YES;
				GCC_WARN_UNINITIALIZED_AUTOS = YES_AGGRESSIVE;
				GCC_WARN_UNUSED_FUNCTION = YES;
				GCC_WARN_UNUSED_VARIABLE = YES;
				IPHONEOS_DEPLOYMENT_TARGET = 11.0;
				MTL_ENABLE_DEBUG_INFO = NO;
				SDKROOT = iphoneos;
				SWIFT_OPTIMIZATION_LEVEL = "-Owholemodule";
				VALIDATE_PRODUCT = YES;
			};
			name = Release;
		};
		F87075F31FF41A5C0051D738 /* Debug */ = {
			isa = XCBuildConfiguration;
			buildSettings = {
				ASSETCATALOG_COMPILER_APPICON_NAME = AppIcon;
				CODE_SIGN_STYLE = Automatic;
				DEVELOPMENT_TEAM = Z4ZNZ62PTW;
				INFOPLIST_FILE = CoreMLTutorial/Info.plist;
				LD_RUNPATH_SEARCH_PATHS = "$(inherited) @executable_path/Frameworks";
				PRODUCT_BUNDLE_IDENTIFIER = com.thieumao.CoreMLTutorial;
				PRODUCT_NAME = "$(TARGET_NAME)";
				SWIFT_VERSION = 4.0;
				TARGETED_DEVICE_FAMILY = "1,2";
			};
			name = Debug;
		};
		F87075F41FF41A5C0051D738 /* Release */ = {
			isa = XCBuildConfiguration;
			buildSettings = {
				ASSETCATALOG_COMPILER_APPICON_NAME = AppIcon;
				CODE_SIGN_STYLE = Automatic;
				DEVELOPMENT_TEAM = Z4ZNZ62PTW;
				INFOPLIST_FILE = CoreMLTutorial/Info.plist;
				LD_RUNPATH_SEARCH_PATHS = "$(inherited) @executable_path/Frameworks";
				PRODUCT_BUNDLE_IDENTIFIER = com.thieumao.CoreMLTutorial;
				PRODUCT_NAME = "$(TARGET_NAME)";
				SWIFT_VERSION = 4.0;
				TARGETED_DEVICE_FAMILY = "1,2";
			};
			name = Release;
		};
/* End XCBuildConfiguration section */

/* Begin XCConfigurationList section */
		F87075DB1FF41A5C0051D738 /* Build configuration list for PBXProject "CoreMLTutorial" */ = {
			isa = XCConfigurationList;
			buildConfigurations = (
				F87075F01FF41A5C0051D738 /* Debug */,
				F87075F11FF41A5C0051D738 /* Release */,
			);
			defaultConfigurationIsVisible = 0;
			defaultConfigurationName = Release;
		};
		F87075F21FF41A5C0051D738 /* Build configuration list for PBXNativeTarget "CoreMLTutorial" */ = {
			isa = XCConfigurationList;
			buildConfigurations = (
				F87075F31FF41A5C0051D738 /* Debug */,
				F87075F41FF41A5C0051D738 /* Release */,
			);
			defaultConfigurationIsVisible = 0;
			defaultConfigurationName = Release;
		};
/* End XCConfigurationList section */
	};
	rootObject = F87075D81FF41A5C0051D738 /* Project object */;
}
